# THIS IS AN AUTOGENERATED FILE. DO NOT EDIT THIS FILE DIRECTLY.
# yarn lockfile v1


"@onflow/cadence-parser@^0.42.1":
  version "0.42.1"
  resolved "https://registry.yarnpkg.com/@onflow/cadence-parser/-/cadence-parser-0.42.1.tgz#6f3753e0e2429d2f6c554032576455d60a6e8f35"
  integrity sha512-bFktvPp8OLVA6Xzd/MyjtlQW7OkhzTzp/+N5E6s/8Bs5ebZ2nQRKB79FnL/hChKlZ8e+X+mmoBVflJojiYQO5Q==
  dependencies:
    get-random-values "^2.0.0"

base64-js@^1.3.1:
  version "1.5.1"
  resolved "https://registry.npmjs.org/base64-js/-/base64-js-1.5.1.tgz"

buffer@6.0.3:
  version "6.0.3"
  resolved "https://registry.npmjs.org/buffer/-/buffer-6.0.3.tgz"
  dependencies:
    base64-js "^1.3.1"
    ieee754 "^1.2.1"

decamelize@v5.0.1:
  version "5.0.1"
  resolved "https://registry.yarnpkg.com/decamelize/-/decamelize-5.0.1.tgz#db11a92e58c741ef339fb0a2868d8a06a9a7b1e9"
  integrity sha512-VfxadyCECXgQlkoEAjeghAr5gY3Hf+IKjKb+X8tGVDtveCjN+USwprd2q3QXBR9T1+x2DG0XZF5/w+7HAtSaXA==

dom-walk@^0.1.0:
  version "0.1.2"
  resolved "https://registry.yarnpkg.com/dom-walk/-/dom-walk-0.1.2.tgz#0c548bef048f4d1f2a97249002236060daa3fd84"
  integrity sha512-6QvTW9mrGeIegrFXdtQi9pk7O/nSK6lSdXW2eqUspN5LWD7UTji2Fqw5V2YLjBpHEoU9Xl/eUWNpDeZvoyOv2w==

get-random-values@^2.0.0:
  version "2.1.0"
  resolved "https://registry.yarnpkg.com/get-random-values/-/get-random-values-2.1.0.tgz#1007f28f0c8a3340e97c973f4d1ace7285eee7e9"
  integrity sha512-q2yOLpLyA8f9unfv2LV8KVRUFeOIrQVS5cnqpbv6N+ea9j1rmW5dFKj/2Q7CK3juEfDYQgPxGt941VJcmw0jKg==
  dependencies:
    global "^4.4.0"

global@^4.4.0:
  version "4.4.0"
  resolved "https://registry.yarnpkg.com/global/-/global-4.4.0.tgz#3e7b105179006a323ed71aafca3e9c57a5cc6406"
  integrity sha512-wv/LAoHdRE3BeTGz53FAamhGlPLhlssK45usmGFThIi4XqnBmjKQ16u+RNbP7WvigRZDxUsM0J3gcQ5yicaL0w==
  dependencies:
    min-document "^2.19.0"
    process "^0.11.10"

ieee754@^1.2.1:
  version "1.2.1"
  resolved "https://registry.npmjs.org/ieee754/-/ieee754-1.2.1.tgz"

min-document@^2.19.0:
  version "2.19.0"
  resolved "https://registry.yarnpkg.com/min-document/-/min-document-2.19.0.tgz#7bd282e3f5842ed295bb748cdd9f1ffa2c824685"
  integrity sha512-9Wy1B3m3f66bPPmU5hdA4DR4PB2OfDU/+GS3yAB7IQozE3tqXaVv2zOjgla7MEGSRv95+ILmOuvhLkOK6wJtCQ==
  dependencies:
    dom-walk "^0.1.0"

process@^0.11.10:
  version "0.11.10"
  resolved "https://registry.yarnpkg.com/process/-/process-0.11.10.tgz#7332300e840161bda3e69a1d1d91a7d4bc16f182"
  integrity sha512-cdGef/drWFoydD1JsMzuFf8100nZl+GT+yacc2bEced5f9Rjk4z+WtFUTBu9PhOi9j/jfmBPu0mMEY4wIdAF8A==

sha2@^1.0.2:
  version "1.0.2"
  resolved "https://registry.npmjs.org/sha2/-/sha2-1.0.2.tgz"

sha3@^2.1.3:
  version "2.1.4"
  resolved "https://registry.npmjs.org/sha3/-/sha3-2.1.4.tgz"
  dependencies:
    buffer "6.0.3"
